# THIS IS AN AUTOGENERATED FILE. DO NOT EDIT THIS FILE DIRECTLY.
# yarn lockfile v1


lodash.iselement@^4.1.1:
  version "4.1.1"
  resolved "http://registry.npm.taobao.org/lodash.iselement/download/lodash.iselement-4.1.1.tgz#f678d4f6f3a964f9ec7f115f2546f3e4a0ba82ca"

lodash.isobject@^3.0.2:
  version "3.0.2"
  resolved "http://registry.npm.taobao.org/lodash.isobject/download/lodash.isobject-3.0.2.tgz#3c8fb8d5b5bf4bf90ae06e14f2a530a4ed935e1d"

lodash.isstring@^4.0.1:
  version "4.0.1"
  resolved "http://registry.npm.taobao.org/lodash.isstring/download/lodash.isstring-4.0.1.tgz#d527dfb5456eca7cc9bb95d5daeaf88ba54a5451"
